{
  "version": 4,
  "terraform_version": "0.12.8",
  "serial": 25,
  "lineage": "66d2ba65-5a47-6676-a1cc-cd907089f237",
  "outputs": {
    "external_ip_address": {
      "value": "51.250.3.217",
      "type": "string"
    }
  },
  "resources": [
    {
      "mode": "managed",
      "type": "yandex_compute_instance",
      "name": "vm-1",
      "provider": "provider.yandex",
      "instances": [
        {
          "schema_version": 1,
          "attributes": {
            "allow_stopping_for_update": null,
            "boot_disk": [
              {
                "auto_delete": true,
                "device_name": "fhmu8qm6egs0966nc0g4",
                "disk_id": "fhmu8qm6egs0966nc0g4",
                "initialize_params": [
                  {
                    "description": "",
                    "image_id": "fd80viupr3qjr5g6g9du",
                    "name": "",
                    "size": 50,
                    "snapshot_id": "",
                    "type": "network-hdd"
                  }
                ],
                "mode": "READ_WRITE"
              }
            ],
            "created_at": "2021-11-05T10:26:30Z",
            "description": "",
            "folder_id": "b1gaeis0eu1b5lcjtuts",
            "fqdn": "fhmab00oe43tb0bl2d6a.auto.internal",
            "hostname": "fhmab00oe43tb0bl2d6a",
            "id": "fhmab00oe43tb0bl2d6a",
            "labels": null,
            "metadata": {
              "ssh-keys": "ubuntu:ssh-rsa AAAAB3NzaC1yc2EAAAADAQABAAABgQDlQWg2xdp6N4iPvYH6JO2qgYXE8ZWtDyZOjFSKA3rPvAFcaJkR+hcxBCXrGgEoz23YkeWOJqio2HG98FTwK7ff3rqa0/dA6ma4hBjsOGTT13H2wX2Q9S2d8jx4aa/UpZibc2Y5vjswk7KUtdt5OjVvoEywjZILk4FTvm9Ay3MnVuXy4AtGEtA2ebjJl8gSxNlq2AHlkR3WuzHP28+oebpjCbTNPYh90iOc7DHHG9OwyPWZGAMlK8461WC1CiUodQgvatcGyLGEZg1FXEL53hitoYXyUpjqqSRlr6XVzGEcleFxYJ9RVEd+yJR5K6FSpn6Wyvo6sNS7Z+cXxJ5cSZxqXNWlr0jXaJ9z/Jj9HEWdtC5wBS1hSL2eKRJ0cEz0ZtH6+k6ecJQUmBQGSyG0MFc+E0yt+1HACVCrjFjSyLXlCzN3oOZ+JBp3pqdHiJUjTYsaBNqGa7g1blCkoALAAM76Ud61m0Cr0BxhPxT27WaInNRGi3hIoxnc8pbGBD7gaD8= appuser\n"
            },
            "name": "gitlab-ci",
            "network_acceleration_type": "standard",
            "network_interface": [
              {
                "index": 0,
                "ip_address": "192.168.10.5",
                "ipv6": false,
                "ipv6_address": "",
                "mac_address": "d0:0d:a5:80:18:71",
                "nat": true,
                "nat_ip_address": "51.250.3.217",
                "nat_ip_version": "IPV4",
                "subnet_id": "e9bpkqltkbjhkvvf01hm"
              }
            ],
            "platform_id": "standard-v1",
            "resources": [
              {
                "core_fraction": 100,
                "cores": 2,
                "gpus": 0,
                "memory": 4
              }
            ],
            "scheduling_policy": [
              {
                "preemptible": false
              }
            ],
            "secondary_disk": [],
            "service_account_id": "",
            "status": "running",
            "timeouts": null,
            "zone": "ru-central1-a"
          },
          "private": "eyJlMmJmYjczMC1lY2FhLTExZTYtOGY4OC0zNDM2M2JjN2M0YzAiOnsiY3JlYXRlIjozMDAwMDAwMDAwMDAsImRlbGV0ZSI6MzAwMDAwMDAwMDAwLCJ1cGRhdGUiOjMwMDAwMDAwMDAwMH0sInNjaGVtYV92ZXJzaW9uIjoiMSJ9",
          "depends_on": [
            "yandex_vpc_subnet.subnet-1"
          ]
        }
      ]
    },
    {
      "mode": "managed",
      "type": "yandex_vpc_network",
      "name": "network-1",
      "provider": "provider.yandex",
      "instances": [
        {
          "schema_version": 0,
          "attributes": {
            "created_at": "2021-11-05T10:24:56Z",
            "description": "",
            "folder_id": "b1gaeis0eu1b5lcjtuts",
            "id": "enp8ng5906dkbsrun2mv",
            "labels": {},
            "name": "network1",
            "subnet_ids": [
              "e9bpkqltkbjhkvvf01hm"
            ],
            "timeouts": null
          },
          "private": "eyJlMmJmYjczMC1lY2FhLTExZTYtOGY4OC0zNDM2M2JjN2M0YzAiOnsiY3JlYXRlIjo2MDAwMDAwMDAwMCwiZGVsZXRlIjo2MDAwMDAwMDAwMCwidXBkYXRlIjo2MDAwMDAwMDAwMH19"
        }
      ]
    },
    {
      "mode": "managed",
      "type": "yandex_vpc_subnet",
      "name": "subnet-1",
      "provider": "provider.yandex",
      "instances": [
        {
          "schema_version": 0,
          "attributes": {
            "created_at": "2021-11-05T10:24:57Z",
            "description": "",
            "folder_id": "b1gaeis0eu1b5lcjtuts",
            "id": "e9bpkqltkbjhkvvf01hm",
            "labels": {},
            "name": "subnet1",
            "network_id": "enp8ng5906dkbsrun2mv",
            "route_table_id": "",
            "timeouts": null,
            "v4_cidr_blocks": [
              "192.168.10.0/24"
            ],
            "v6_cidr_blocks": [],
            "zone": "ru-central1-a"
          },
          "private": "eyJlMmJmYjczMC1lY2FhLTExZTYtOGY4OC0zNDM2M2JjN2M0YzAiOnsiY3JlYXRlIjoxODAwMDAwMDAwMDAsImRlbGV0ZSI6MTgwMDAwMDAwMDAwLCJ1cGRhdGUiOjE4MDAwMDAwMDAwMH19",
          "depends_on": [
            "yandex_vpc_network.network-1"
          ]
        }
      ]
    }
  ]
}
