{
  "version": 4,
  "terraform_version": "0.12.8",
  "serial": 23,
  "lineage": "66d2ba65-5a47-6676-a1cc-cd907089f237",
  "outputs": {},
  "resources": [
    {
      "mode": "managed",
      "type": "yandex_vpc_network",
      "name": "network-1",
      "provider": "provider.yandex",
      "instances": [
        {
          "schema_version": 0,
          "attributes": {
            "created_at": "2021-11-05T10:24:56Z",
            "description": "",
            "folder_id": "b1gaeis0eu1b5lcjtuts",
            "id": "enp8ng5906dkbsrun2mv",
            "labels": null,
            "name": "network1",
            "subnet_ids": [],
            "timeouts": null
          },
          "private": "eyJlMmJmYjczMC1lY2FhLTExZTYtOGY4OC0zNDM2M2JjN2M0YzAiOnsiY3JlYXRlIjo2MDAwMDAwMDAwMCwiZGVsZXRlIjo2MDAwMDAwMDAwMCwidXBkYXRlIjo2MDAwMDAwMDAwMH19"
        }
      ]
    },
    {
      "mode": "managed",
      "type": "yandex_vpc_subnet",
      "name": "subnet-1",
      "provider": "provider.yandex",
      "instances": [
        {
          "schema_version": 0,
          "attributes": {
            "created_at": "2021-11-05T10:24:57Z",
            "description": "",
            "folder_id": "b1gaeis0eu1b5lcjtuts",
            "id": "e9bpkqltkbjhkvvf01hm",
            "labels": null,
            "name": "subnet1",
            "network_id": "enp8ng5906dkbsrun2mv",
            "route_table_id": "",
            "timeouts": null,
            "v4_cidr_blocks": [
              "192.168.10.0/24"
            ],
            "v6_cidr_blocks": [],
            "zone": "ru-central1-a"
          },
          "private": "eyJlMmJmYjczMC1lY2FhLTExZTYtOGY4OC0zNDM2M2JjN2M0YzAiOnsiY3JlYXRlIjoxODAwMDAwMDAwMDAsImRlbGV0ZSI6MTgwMDAwMDAwMDAwLCJ1cGRhdGUiOjE4MDAwMDAwMDAwMH19",
          "depends_on": [
            "yandex_vpc_network.network-1"
          ]
        }
      ]
    }
  ]
}
